
Microsoft Visual Studio Solution File, Format Version 12.00
# Visual Studio Version 17
VisualStudioVersion = 17.5.33424.131
MinimumVisualStudioVersion = 10.0.40219.1
Project("{FAE04EC0-301F-11D3-BF4B-00C04F79EFBC}") = "pz_1", "Polyanskiy_3pk2\pz_1.csproj", "{91EB7DAD-5FB4-4BDD-8C90-7A575C665927}"
EndProject
Project("{FAE04EC0-301F-11D3-BF4B-00C04F79EFBC}") = "pz_2", "pz_2\pz_2.csproj", "{2A839645-184E-4A22-95BC-DDEFD350D7AE}"
EndProject
Project("{FAE04EC0-301F-11D3-BF4B-00C04F79EFBC}") = "pz3", "pz3\pz3.csproj", "{0FE0025C-7E17-428F-8414-C7084DAF6BC7}"
EndProject
Project("{FAE04EC0-301F-11D3-BF4B-00C04F79EFBC}") = "pz_4", "pz_4\pz_4.csproj", "{53A5FDFB-0B3B-4F2B-AF21-DAD85EC93F40}"
EndProject
Global
	GlobalSection(SolutionConfigurationPlatforms) = preSolution
		Debug|Any CPU = Debug|Any CPU
		Release|Any CPU = Release|Any CPU
	EndGlobalSection
	GlobalSection(ProjectConfigurationPlatforms) = postSolution
		{91EB7DAD-5FB4-4BDD-8C90-7A575C665927}.Debug|Any CPU.ActiveCfg = Debug|Any CPU
		{91EB7DAD-5FB4-4BDD-8C90-7A575C665927}.Debug|Any CPU.Build.0 = Debug|Any CPU
		{91EB7DAD-5FB4-4BDD-8C90-7A575C665927}.Release|Any CPU.ActiveCfg = Release|Any CPU
		{91EB7DAD-5FB4-4BDD-8C90-7A575C665927}.Release|Any CPU.Build.0 = Release|Any CPU
		{2A839645-184E-4A22-95BC-DDEFD350D7AE}.Debug|Any CPU.ActiveCfg = Debug|Any CPU
		{2A839645-184E-4A22-95BC-DDEFD350D7AE}.Debug|Any CPU.Build.0 = Debug|Any CPU
		{2A839645-184E-4A22-95BC-DDEFD350D7AE}.Release|Any CPU.ActiveCfg = Release|Any CPU
		{2A839645-184E-4A22-95BC-DDEFD350D7AE}.Release|Any CPU.Build.0 = Release|Any CPU
		{0FE0025C-7E17-428F-8414-C7084DAF6BC7}.Debug|Any CPU.ActiveCfg = Debug|Any CPU
		{0FE0025C-7E17-428F-8414-C7084DAF6BC7}.Debug|Any CPU.Build.0 = Debug|Any CPU
		{0FE0025C-7E17-428F-8414-C7084DAF6BC7}.Release|Any CPU.ActiveCfg = Release|Any CPU
		{0FE0025C-7E17-428F-8414-C7084DAF6BC7}.Release|Any CPU.Build.0 = Release|Any CPU
		{53A5FDFB-0B3B-4F2B-AF21-DAD85EC93F40}.Debug|Any CPU.ActiveCfg = Debug|Any CPU
		{53A5FDFB-0B3B-4F2B-AF21-DAD85EC93F40}.Debug|Any CPU.Build.0 = Debug|Any CPU
		{53A5FDFB-0B3B-4F2B-AF21-DAD85EC93F40}.Release|Any CPU.ActiveCfg = Release|Any CPU
		{53A5FDFB-0B3B-4F2B-AF21-DAD85EC93F40}.Release|Any CPU.Build.0 = Release|Any CPU
	EndGlobalSection
	GlobalSection(SolutionProperties) = preSolution
		HideSolutionNode = FALSE
	EndGlobalSection
	GlobalSection(ExtensibilityGlobals) = postSolution
		SolutionGuid = {D2264FFC-8D72-41B4-A61B-C8063932845E}
	EndGlobalSection
EndGlobal
